
Microsoft Visual Studio Solution File, Format Version 12.00
# Visual Studio Version 17
VisualStudioVersion = 17.9.34622.214
MinimumVisualStudioVersion = 10.0.40219.1
Project("{FAE04EC0-301F-11D3-BF4B-00C04F79EFBC}") = "Servis_Protocol", "Servis_Protocol.csproj", "{E6DE5314-3790-4AD2-8059-8E15D6D4A4E5}"
EndProject
Global
	GlobalSection(SolutionConfigurationPlatforms) = preSolution
		Debug|Any CPU = Debug|Any CPU
		Release|Any CPU = Release|Any CPU
	EndGlobalSection
	GlobalSection(ProjectConfigurationPlatforms) = postSolution
		{E6DE5314-3790-4AD2-8059-8E15D6D4A4E5}.Debug|Any CPU.ActiveCfg = Debug|Any CPU
		{E6DE5314-3790-4AD2-8059-8E15D6D4A4E5}.Debug|Any CPU.Build.0 = Debug|Any CPU
		{E6DE5314-3790-4AD2-8059-8E15D6D4A4E5}.Release|Any CPU.ActiveCfg = Release|Any CPU
		{E6DE5314-3790-4AD2-8059-8E15D6D4A4E5}.Release|Any CPU.Build.0 = Release|Any CPU
	EndGlobalSection
	GlobalSection(SolutionProperties) = preSolution
		HideSolutionNode = FALSE
	EndGlobalSection
	GlobalSection(ExtensibilityGlobals) = postSolution
		SolutionGuid = {3C18FB33-1D65-4BFB-94F1-F69E05FBCD8F}
	EndGlobalSection
EndGlobal
